{
  "name": "gatsby-remark-remove-comments",
  "version": "0.1.0",
  "lockfileVersion": 1,
  "requires": true,
  "dependencies": {
    "@types/unist": {
      "version": "2.0.3",
      "resolved": "https://registry.npmjs.org/@types/unist/-/unist-2.0.3.tgz",
      "integrity": "sha512-FvUupuM3rlRsRtCN+fDudtmytGO6iHJuuRKS1Ss0pG5z8oX0diNEw94UEL7hgDbpN94rgaK5R7sWm6RrSkZuAQ=="
    },
    "html-comment-regex": {
      "version": "1.1.2",
      "resolved": "https://registry.npmjs.org/html-comment-regex/-/html-comment-regex-1.1.2.tgz",
      "integrity": "sha512-P+M65QY2JQ5Y0G9KKdlDpo0zK+/OHptU5AaBwUfAIDJZk1MYf32Frm84EcOytfJE0t5JvkAnKlmjsXDnWzCJmQ=="
    },
    "remark-remove-comments": {
      "version": "0.1.3",
      "resolved": "https://registry.npmjs.org/remark-remove-comments/-/remark-remove-comments-0.1.3.tgz",
      "integrity": "sha512-hfJ1YaY9/fkZ8FPf/ay0t6LD52HylzUBmZbPrYi0UGdvW5Lo4vOB6EOaOCF7ZuOpHhnXLPArIgTGl5yP/2nJlw==",
      "requires": {
        "html-comment-regex": "^1.1.2",
        "unist-util-visit": "^2.0.3"
      }
    },
    "unist-util-is": {
      "version": "4.0.4",
      "resolved": "https://registry.npmjs.org/unist-util-is/-/unist-util-is-4.0.4.tgz",
      "integrity": "sha512-3dF39j/u423v4BBQrk1AQ2Ve1FxY5W3JKwXxVFzBODQ6WEvccguhgp802qQLKSnxPODE6WuRZtV+ohlUg4meBA=="
    },
    "unist-util-visit": {
      "version": "2.0.3",
      "resolved": "https://registry.npmjs.org/unist-util-visit/-/unist-util-visit-2.0.3.tgz",
      "integrity": "sha512-iJ4/RczbJMkD0712mGktuGpm/U4By4FfDonL7N/9tATGIF4imikjOuagyMY53tnZq3NP6BcmlrHhEKAfGWjh7Q==",
      "requires": {
        "@types/unist": "^2.0.0",
        "unist-util-is": "^4.0.0",
        "unist-util-visit-parents": "^3.0.0"
      }
    },
    "unist-util-visit-parents": {
      "version": "3.1.1",
      "resolved": "https://registry.npmjs.org/unist-util-visit-parents/-/unist-util-visit-parents-3.1.1.tgz",
      "integrity": "sha512-1KROIZWo6bcMrZEwiH2UrXDyalAa0uqzWCxCJj6lPOvTve2WkfgCytoDTPaMnodXh1WrXOq0haVYHj99ynJlsg==",
      "requires": {
        "@types/unist": "^2.0.0",
        "unist-util-is": "^4.0.0"
      }
    }
  }
}
